
Microsoft Visual Studio Solution File, Format Version 12.00
# Visual Studio Version 17
VisualStudioVersion = 17.3.32901.215
MinimumVisualStudioVersion = 10.0.40219.1
Project("{FAE04EC0-301F-11D3-BF4B-00C04F79EFBC}") = "Appp", "Appp.csproj", "{C3F619F9-F9FC-4353-9093-D677BDF3951E}"
EndProject
Project("{FAE04EC0-301F-11D3-BF4B-00C04F79EFBC}") = "ApppTest", "..\ApppTest\ApppTest.csproj", "{DBF38689-5EA4-48D0-A869-12DCFC006B0D}"
EndProject
Global
	GlobalSection(SolutionConfigurationPlatforms) = preSolution
		Debug|Any CPU = Debug|Any CPU
		Release|Any CPU = Release|Any CPU
	EndGlobalSection
	GlobalSection(ProjectConfigurationPlatforms) = postSolution
		{C3F619F9-F9FC-4353-9093-D677BDF3951E}.Debug|Any CPU.ActiveCfg = Debug|Any CPU
		{C3F619F9-F9FC-4353-9093-D677BDF3951E}.Debug|Any CPU.Build.0 = Debug|Any CPU
		{C3F619F9-F9FC-4353-9093-D677BDF3951E}.Release|Any CPU.ActiveCfg = Release|Any CPU
		{C3F619F9-F9FC-4353-9093-D677BDF3951E}.Release|Any CPU.Build.0 = Release|Any CPU
		{DBF38689-5EA4-48D0-A869-12DCFC006B0D}.Debug|Any CPU.ActiveCfg = Debug|Any CPU
		{DBF38689-5EA4-48D0-A869-12DCFC006B0D}.Debug|Any CPU.Build.0 = Debug|Any CPU
		{DBF38689-5EA4-48D0-A869-12DCFC006B0D}.Release|Any CPU.ActiveCfg = Release|Any CPU
		{DBF38689-5EA4-48D0-A869-12DCFC006B0D}.Release|Any CPU.Build.0 = Release|Any CPU
	EndGlobalSection
	GlobalSection(SolutionProperties) = preSolution
		HideSolutionNode = FALSE
	EndGlobalSection
	GlobalSection(ExtensibilityGlobals) = postSolution
		SolutionGuid = {87CFF031-EA8F-43B0-B5C6-E317639B6309}
	EndGlobalSection
EndGlobal
